// !$*UTF8*$!
{
	archiveVersion = 1;
	classes = {
	};
	objectVersion = 50;
	objects = {

/* Begin PBXBuildFile section */
		97A4990C223B703C005EE1E3 /* AppDelegate.swift in Sources */ = {isa = PBXBuildFile; fileRef = 97A4990B223B703C005EE1E3 /* AppDelegate.swift */; };
		97A4990E223B703C005EE1E3 /* ViewController.swift in Sources */ = {isa = PBXBuildFile; fileRef = 97A4990D223B703C005EE1E3 /* ViewController.swift */; };
		97A49911223B703C005EE1E3 /* Main.storyboard in Resources */ = {isa = PBXBuildFile; fileRef = 97A4990F223B703C005EE1E3 /* Main.storyboard */; };
		97A49913223B703C005EE1E3 /* Assets.xcassets in Resources */ = {isa = PBXBuildFile; fileRef = 97A49912223B703C005EE1E3 /* Assets.xcassets */; };
		97A49916223B703C005EE1E3 /* LaunchScreen.storyboard in Resources */ = {isa = PBXBuildFile; fileRef = 97A49914223B703C005EE1E3 /* LaunchScreen.storyboard */; };
		97AE45C1223BDCCD0077A80A /* InfoController.swift in Sources */ = {isa = PBXBuildFile; fileRef = 97AE45C0223BDCCD0077A80A /* InfoController.swift */; };
		97AE45C5223BE1550077A80A /* AuthorController.swift in Sources */ = {isa = PBXBuildFile; fileRef = 97AE45C4223BE1550077A80A /* AuthorController.swift */; };
/* End PBXBuildFile section */

/* Begin PBXFileReference section */
		97A49908223B703C005EE1E3 /* Bulls Eye.app */ = {isa = PBXFileReference; explicitFileType = wrapper.application; includeInIndex = 0; path = "Bulls Eye.app"; sourceTree = BUILT_PRODUCTS_DIR; };
		97A4990B223B703C005EE1E3 /* AppDelegate.swift */ = {isa = PBXFileReference; lastKnownFileType = sourcecode.swift; path = AppDelegate.swift; sourceTree = "<group>"; };
		97A4990D223B703C005EE1E3 /* ViewController.swift */ = {isa = PBXFileReference; lastKnownFileType = sourcecode.swift; path = ViewController.swift; sourceTree = "<group>"; };
		97A49910223B703C005EE1E3 /* Base */ = {isa = PBXFileReference; lastKnownFileType = file.storyboard; name = Base; path = Base.lproj/Main.storyboard; sourceTree = "<group>"; };
		97A49912223B703C005EE1E3 /* Assets.xcassets */ = {isa = PBXFileReference; lastKnownFileType = folder.assetcatalog; path = Assets.xcassets; sourceTree = "<group>"; };
		97A49915223B703C005EE1E3 /* Base */ = {isa = PBXFileReference; lastKnownFileType = file.storyboard; name = Base; path = Base.lproj/LaunchScreen.storyboard; sourceTree = "<group>"; };
		97A49917223B703C005EE1E3 /* Info.plist */ = {isa = PBXFileReference; lastKnownFileType = text.plist.xml; path = Info.plist; sourceTree = "<group>"; };
		97AE45C0223BDCCD0077A80A /* InfoController.swift */ = {isa = PBXFileReference; lastKnownFileType = sourcecode.swift; path = InfoController.swift; sourceTree = "<group>"; };
		97AE45C4223BE1550077A80A /* AuthorController.swift */ = {isa = PBXFileReference; lastKnownFileType = sourcecode.swift; path = AuthorController.swift; sourceTree = "<group>"; };
/* End PBXFileReference section */

/* Begin PBXFrameworksBuildPhase section */
		97A49905223B703B005EE1E3 /* Frameworks */ = {
			isa = PBXFrameworksBuildPhase;
			buildActionMask = 2147483647;
			files = (
			);
			runOnlyForDeploymentPostprocessing = 0;
		};
/* End PBXFrameworksBuildPhase section */

/* Begin PBXGroup section */
		97A498FF223B703B005EE1E3 = {
			isa = PBXGroup;
			children = (
				97A4990A223B703C005EE1E3 /* Bulls Eye */,
				97A49909223B703C005EE1E3 /* Products */,
			);
			sourceTree = "<group>";
		};
		97A49909223B703C005EE1E3 /* Products */ = {
			isa = PBXGroup;
			children = (
				97A49908223B703C005EE1E3 /* Bulls Eye.app */,
			);
			name = Products;
			sourceTree = "<group>";
		};
		97A4990A223B703C005EE1E3 /* Bulls Eye */ = {
			isa = PBXGroup;
			children = (
				97AE45C3223BDD860077A80A /* Controller */,
				97AE45C2223BDD7D0077A80A /* App */,
				97A4990F223B703C005EE1E3 /* Main.storyboard */,
				97A49912223B703C005EE1E3 /* Assets.xcassets */,
			);
			path = "Bulls Eye";
			sourceTree = "<group>";
		};
		97AE45C2223BDD7D0077A80A /* App */ = {
			isa = PBXGroup;
			children = (
				97A4990B223B703C005EE1E3 /* AppDelegate.swift */,
				97A49914223B703C005EE1E3 /* LaunchScreen.storyboard */,
				97A49917223B703C005EE1E3 /* Info.plist */,
			);
			name = App;
			sourceTree = "<group>";
		};
		97AE45C3223BDD860077A80A /* Controller */ = {
			isa = PBXGroup;
			children = (
				97A4990D223B703C005EE1E3 /* ViewController.swift */,
				97AE45C0223BDCCD0077A80A /* InfoController.swift */,
				97AE45C4223BE1550077A80A /* AuthorController.swift */,
			);
			name = Controller;
			sourceTree = "<group>";
		};
/* End PBXGroup section */

/* Begin PBXNativeTarget section */
		97A49907223B703B005EE1E3 /* Bulls Eye */ = {
			isa = PBXNativeTarget;
			buildConfigurationList = 97A4991A223B703C005EE1E3 /* Build configuration list for PBXNativeTarget "Bulls Eye" */;
			buildPhases = (
				97A49904223B703B005EE1E3 /* Sources */,
				97A49905223B703B005EE1E3 /* Frameworks */,
				97A49906223B703B005EE1E3 /* Resources */,
			);
			buildRules = (
			);
			dependencies = (
			);
			name = "Bulls Eye";
			productName = "Bulls Eye";
			productReference = 97A49908223B703C005EE1E3 /* Bulls Eye.app */;
			productType = "com.apple.product-type.application";
		};
/* End PBXNativeTarget section */

/* Begin PBXProject section */
		97A49900223B703B005EE1E3 /* Project object */ = {
			isa = PBXProject;
			attributes = {
				LastSwiftUpdateCheck = 1000;
				LastUpgradeCheck = 1000;
				ORGANIZATIONNAME = "Suprianto Djamalu";
				TargetAttributes = {
					97A49907223B703B005EE1E3 = {
						CreatedOnToolsVersion = 10.0;
					};
				};
			};
			buildConfigurationList = 97A49903223B703B005EE1E3 /* Build configuration list for PBXProject "Bulls Eye" */;
			compatibilityVersion = "Xcode 9.3";
			developmentRegion = en;
			hasScannedForEncodings = 0;
			knownRegions = (
				en,
				Base,
			);
			mainGroup = 97A498FF223B703B005EE1E3;
			productRefGroup = 97A49909223B703C005EE1E3 /* Products */;
			projectDirPath = "";
			projectRoot = "";
			targets = (
				97A49907223B703B005EE1E3 /* Bulls Eye */,
			);
		};
/* End PBXProject section */

/* Begin PBXResourcesBuildPhase section */
		97A49906223B703B005EE1E3 /* Resources */ = {
			isa = PBXResourcesBuildPhase;
			buildActionMask = 2147483647;
			files = (
				97A49916223B703C005EE1E3 /* LaunchScreen.storyboard in Resources */,
				97A49913223B703C005EE1E3 /* Assets.xcassets in Resources */,
				97A49911223B703C005EE1E3 /* Main.storyboard in Resources */,
			);
			runOnlyForDeploymentPostprocessing = 0;
		};
/* End PBXResourcesBuildPhase section */

/* Begin PBXSourcesBuildPhase section */
		97A49904223B703B005EE1E3 /* Sources */ = {
			isa = PBXSourcesBuildPhase;
			buildActionMask = 2147483647;
			files = (
				97AE45C5223BE1550077A80A /* AuthorController.swift in Sources */,
				97A4990E223B703C005EE1E3 /* ViewController.swift in Sources */,
				97A4990C223B703C005EE1E3 /* AppDelegate.swift in Sources */,
				97AE45C1223BDCCD0077A80A /* InfoController.swift in Sources */,
			);
			runOnlyForDeploymentPostprocessing = 0;
		};
/* End PBXSourcesBuildPhase section */

/* Begin PBXVariantGroup section */
		97A4990F223B703C005EE1E3 /* Main.storyboard */ = {
			isa = PBXVariantGroup;
			children = (
				97A49910223B703C005EE1E3 /* Base */,
			);
			name = Main.storyboard;
			sourceTree = "<group>";
		};
		97A49914223B703C005EE1E3 /* LaunchScreen.storyboard */ = {
			isa = PBXVariantGroup;
			children = (
				97A49915223B703C005EE1E3 /* Base */,
			);
			name = LaunchScreen.storyboard;
			sourceTree = "<group>";
		};
/* End PBXVariantGroup section */

/* Begin XCBuildConfiguration section */
		97A49918223B703C005EE1E3 /* Debug */ = {
			isa = XCBuildConfiguration;
			buildSettings = {
				ALWAYS_SEARCH_USER_PATHS = NO;
				CLANG_ANALYZER_NONNULL = YES;
				CLANG_ANALYZER_NUMBER_OBJECT_CONVERSION = YES_AGGRESSIVE;
				CLANG_CXX_LANGUAGE_STANDARD = "gnu++14";
				CLANG_CXX_LIBRARY = "libc++";
				CLANG_ENABLE_MODULES = YES;
				CLANG_ENABLE_OBJC_ARC = YES;
				CLANG_ENABLE_OBJC_WEAK = YES;
				CLANG_WARN_BLOCK_CAPTURE_AUTORELEASING = YES;
				CLANG_WARN_BOOL_CONVERSION = YES;
				CLANG_WARN_COMMA = YES;
				CLANG_WARN_CONSTANT_CONVERSION = YES;
				CLANG_WARN_DEPRECATED_OBJC_IMPLEMENTATIONS = YES;
				CLANG_WARN_DIRECT_OBJC_ISA_USAGE = YES_ERROR;
				CLANG_WARN_DOCUMENTATION_COMMENTS = YES;
				CLANG_WARN_EMPTY_BODY = YES;
				CLANG_WARN_ENUM_CONVERSION = YES;
				CLANG_WARN_INFINITE_RECURSION = YES;
				CLANG_WARN_INT_CONVERSION = YES;
				CLANG_WARN_NON_LITERAL_NULL_CONVERSION = YES;
				CLANG_WARN_OBJC_IMPLICIT_RETAIN_SELF = YES;
				CLANG_WARN_OBJC_LITERAL_CONVERSION = YES;
				CLANG_WARN_OBJC_ROOT_CLASS = YES_ERROR;
				CLANG_WARN_RANGE_LOOP_ANALYSIS = YES;
				CLANG_WARN_STRICT_PROTOTYPES = YES;
				CLANG_WARN_SUSPICIOUS_MOVE = YES;
				CLANG_WARN_UNGUARDED_AVAILABILITY = YES_AGGRESSIVE;
				CLANG_WARN_UNREACHABLE_CODE = YES;
				CLANG_WARN__DUPLICATE_METHOD_MATCH = YES;
				CODE_SIGN_IDENTITY = "iPhone Developer";
				COPY_PHASE_STRIP = NO;
				DEBUG_INFORMATION_FORMAT = dwarf;
				ENABLE_STRICT_OBJC_MSGSEND = YES;
				ENABLE_TESTABILITY = YES;
				GCC_C_LANGUAGE_STANDARD = gnu11;
				GCC_DYNAMIC_NO_PIC = NO;
				GCC_NO_COMMON_BLOCKS = YES;
				GCC_OPTIMIZATION_LEVEL = 0;
				GCC_PREPROCESSOR_DEFINITIONS = (
					"DEBUG=1",
					"$(inherited)",
				);
				GCC_WARN_64_TO_32_BIT_CONVERSION = YES;
				GCC_WARN_ABOUT_RETURN_TYPE = YES_ERROR;
				GCC_WARN_UNDECLARED_SELECTOR = YES;
				GCC_WARN_UNINITIALIZED_AUTOS = YES_AGGRESSIVE;
				GCC_WARN_UNUSED_FUNCTION = YES;
				GCC_WARN_UNUSED_VARIABLE = YES;
				IPHONEOS_DEPLOYMENT_TARGET = 12.0;
				MTL_ENABLE_DEBUG_INFO = INCLUDE_SOURCE;
				MTL_FAST_MATH = YES;
				ONLY_ACTIVE_ARCH = YES;
				SDKROOT = iphoneos;
				SWIFT_ACTIVE_COMPILATION_CONDITIONS = DEBUG;
				SWIFT_OPTIMIZATION_LEVEL = "-Onone";
			};
			name = Debug;
		};
		97A49919223B703C005EE1E3 /* Release */ = {
			isa = XCBuildConfiguration;
			buildSettings = {
				ALWAYS_SEARCH_USER_PATHS = NO;
				CLANG_ANALYZER_NONNULL = YES;
				CLANG_ANALYZER_NUMBER_OBJECT_CONVERSION = YES_AGGRESSIVE;
				CLANG_CXX_LANGUAGE_STANDARD = "gnu++14";
				CLANG_CXX_LIBRARY = "libc++";
				CLANG_ENABLE_MODULES = YES;
				CLANG_ENABLE_OBJC_ARC = YES;
				CLANG_ENABLE_OBJC_WEAK = YES;
				CLANG_WARN_BLOCK_CAPTURE_AUTORELEASING = YES;
				CLANG_WARN_BOOL_CONVERSION = YES;
				CLANG_WARN_COMMA = YES;
				CLANG_WARN_CONSTANT_CONVERSION = YES;
				CLANG_WARN_DEPRECATED_OBJC_IMPLEMENTATIONS = YES;
				CLANG_WARN_DIRECT_OBJC_ISA_USAGE = YES_ERROR;
				CLANG_WARN_DOCUMENTATION_COMMENTS = YES;
				CLANG_WARN_EMPTY_BODY = YES;
				CLANG_WARN_ENUM_CONVERSION = YES;
				CLANG_WARN_INFINITE_RECURSION = YES;
				CLANG_WARN_INT_CONVERSION = YES;
				CLANG_WARN_NON_LITERAL_NULL_CONVERSION = YES;
				CLANG_WARN_OBJC_IMPLICIT_RETAIN_SELF = YES;
				CLANG_WARN_OBJC_LITERAL_CONVERSION = YES;
				CLANG_WARN_OBJC_ROOT_CLASS = YES_ERROR;
				CLANG_WARN_RANGE_LOOP_ANALYSIS = YES;
				CLANG_WARN_STRICT_PROTOTYPES = YES;
				CLANG_WARN_SUSPICIOUS_MOVE = YES;
				CLANG_WARN_UNGUARDED_AVAILABILITY = YES_AGGRESSIVE;
				CLANG_WARN_UNREACHABLE_CODE = YES;
				CLANG_WARN__DUPLICATE_METHOD_MATCH = YES;
				CODE_SIGN_IDENTITY = "iPhone Developer";
				COPY_PHASE_STRIP = NO;
				DEBUG_INFORMATION_FORMAT = "dwarf-with-dsym";
				ENABLE_NS_ASSERTIONS = NO;
				ENABLE_STRICT_OBJC_MSGSEND = YES;
				GCC_C_LANGUAGE_STANDARD = gnu11;
				GCC_NO_COMMON_BLOCKS = YES;
				GCC_WARN_64_TO_32_BIT_CONVERSION = YES;
				GCC_WARN_ABOUT_RETURN_TYPE = YES_ERROR;
				GCC_WARN_UNDECLARED_SELECTOR = YES;
				GCC_WARN_UNINITIALIZED_AUTOS = YES_AGGRESSIVE;
				GCC_WARN_UNUSED_FUNCTION = YES;
				GCC_WARN_UNUSED_VARIABLE = YES;
				IPHONEOS_DEPLOYMENT_TARGET = 12.0;
				MTL_ENABLE_DEBUG_INFO = NO;
				MTL_FAST_MATH = YES;
				SDKROOT = iphoneos;
				SWIFT_COMPILATION_MODE = wholemodule;
				SWIFT_OPTIMIZATION_LEVEL = "-O";
				VALIDATE_PRODUCT = YES;
			};
			name = Release;
		};
		97A4991B223B703C005EE1E3 /* Debug */ = {
			isa = XCBuildConfiguration;
			buildSettings = {
				ASSETCATALOG_COMPILER_APPICON_NAME = AppIcon;
				CODE_SIGN_STYLE = Automatic;
				DEVELOPMENT_TEAM = 83JMC98N76;
				INFOPLIST_FILE = "Bulls Eye/Info.plist";
				LD_RUNPATH_SEARCH_PATHS = (
					"$(inherited)",
					"@executable_path/Frameworks",
				);
				PRODUCT_BUNDLE_IDENTIFIER = "com.training.Bulls-Eye";
				PRODUCT_NAME = "$(TARGET_NAME)";
				SWIFT_VERSION = 4.2;
				TARGETED_DEVICE_FAMILY = "1,2";
			};
			name = Debug;
		};
		97A4991C223B703C005EE1E3 /* Release */ = {
			isa = XCBuildConfiguration;
			buildSettings = {
				ASSETCATALOG_COMPILER_APPICON_NAME = AppIcon;
				CODE_SIGN_STYLE = Automatic;
				DEVELOPMENT_TEAM = 83JMC98N76;
				INFOPLIST_FILE = "Bulls Eye/Info.plist";
				LD_RUNPATH_SEARCH_PATHS = (
					"$(inherited)",
					"@executable_path/Frameworks",
				);
				PRODUCT_BUNDLE_IDENTIFIER = "com.training.Bulls-Eye";
				PRODUCT_NAME = "$(TARGET_NAME)";
				SWIFT_VERSION = 4.2;
				TARGETED_DEVICE_FAMILY = "1,2";
			};
			name = Release;
		};
/* End XCBuildConfiguration section */

/* Begin XCConfigurationList section */
		97A49903223B703B005EE1E3 /* Build configuration list for PBXProject "Bulls Eye" */ = {
			isa = XCConfigurationList;
			buildConfigurations = (
				97A49918223B703C005EE1E3 /* Debug */,
				97A49919223B703C005EE1E3 /* Release */,
			);
			defaultConfigurationIsVisible = 0;
			defaultConfigurationName = Release;
		};
		97A4991A223B703C005EE1E3 /* Build configuration list for PBXNativeTarget "Bulls Eye" */ = {
			isa = XCConfigurationList;
			buildConfigurations = (
				97A4991B223B703C005EE1E3 /* Debug */,
				97A4991C223B703C005EE1E3 /* Release */,
			);
			defaultConfigurationIsVisible = 0;
			defaultConfigurationName = Release;
		};
/* End XCConfigurationList section */
	};
	rootObject = 97A49900223B703B005EE1E3 /* Project object */;
}
